
Microsoft Visual Studio Solution File, Format Version 12.00
# Visual Studio Version 16
VisualStudioVersion = 16.0.28922.388
MinimumVisualStudioVersion = 10.0.40219.1
Project("{FAE04EC0-301F-11D3-BF4B-00C04F79EFBC}") = "Excel", "Excel\Excel.csproj", "{1C356A94-D9F1-429B-A283-F3A7AC3C7406}"
EndProject
Project("{888888A0-9F3D-457C-B088-3A5042F75D52}") = "Python", "Python\Python.pyproj", "{61DCD4A9-0B6E-451D-9626-62AC697F0111}"
EndProject
Global
	GlobalSection(SolutionConfigurationPlatforms) = preSolution
		Debug|Any CPU = Debug|Any CPU
		Release|Any CPU = Release|Any CPU
	EndGlobalSection
	GlobalSection(ProjectConfigurationPlatforms) = postSolution
		{1C356A94-D9F1-429B-A283-F3A7AC3C7406}.Debug|Any CPU.ActiveCfg = Debug|Any CPU
		{1C356A94-D9F1-429B-A283-F3A7AC3C7406}.Debug|Any CPU.Build.0 = Debug|Any CPU
		{1C356A94-D9F1-429B-A283-F3A7AC3C7406}.Release|Any CPU.ActiveCfg = Release|Any CPU
		{1C356A94-D9F1-429B-A283-F3A7AC3C7406}.Release|Any CPU.Build.0 = Release|Any CPU
		{61DCD4A9-0B6E-451D-9626-62AC697F0111}.Debug|Any CPU.ActiveCfg = Debug|Any CPU
		{61DCD4A9-0B6E-451D-9626-62AC697F0111}.Release|Any CPU.ActiveCfg = Release|Any CPU
	EndGlobalSection
	GlobalSection(SolutionProperties) = preSolution
		HideSolutionNode = FALSE
	EndGlobalSection
	GlobalSection(ExtensibilityGlobals) = postSolution
		SolutionGuid = {EADC1AD3-1509-484F-8CF3-C8C8C86EC095}
	EndGlobalSection
EndGlobal
